
Microsoft Visual Studio Solution File, Format Version 12.00
# Visual Studio 15
VisualStudioVersion = 15.0.28307.136
MinimumVisualStudioVersion = 10.0.40219.1
Project("{FAE04EC0-301F-11D3-BF4B-00C04F79EFBC}") = "MathTool", "MathTool\MathTool.csproj", "{F7F2F3C5-CC6D-4712-8F45-ED919F9A4A9B}"
EndProject
Project("{FAE04EC0-301F-11D3-BF4B-00C04F79EFBC}") = "MathToolTest", "MathToolTest\MathToolTest.csproj", "{6BCCFE23-1EB1-4F93-BF3A-F815621F2522}"
EndProject
Project("{2150E333-8FDC-42A3-9474-1A3956D46DE8}") = "Solution Items", "Solution Items", "{87A73485-523D-469E-AD9A-8D64E0B77A9B}"
	ProjectSection(SolutionItems) = preProject
		Readme.md = Readme.md
	EndProjectSection
EndProject
Global
	GlobalSection(SolutionConfigurationPlatforms) = preSolution
		Debug|Any CPU = Debug|Any CPU
		Release|Any CPU = Release|Any CPU
	EndGlobalSection
	GlobalSection(ProjectConfigurationPlatforms) = postSolution
		{F7F2F3C5-CC6D-4712-8F45-ED919F9A4A9B}.Debug|Any CPU.ActiveCfg = Debug|Any CPU
		{F7F2F3C5-CC6D-4712-8F45-ED919F9A4A9B}.Debug|Any CPU.Build.0 = Debug|Any CPU
		{F7F2F3C5-CC6D-4712-8F45-ED919F9A4A9B}.Release|Any CPU.ActiveCfg = Release|Any CPU
		{F7F2F3C5-CC6D-4712-8F45-ED919F9A4A9B}.Release|Any CPU.Build.0 = Release|Any CPU
		{6BCCFE23-1EB1-4F93-BF3A-F815621F2522}.Debug|Any CPU.ActiveCfg = Debug|Any CPU
		{6BCCFE23-1EB1-4F93-BF3A-F815621F2522}.Debug|Any CPU.Build.0 = Debug|Any CPU
		{6BCCFE23-1EB1-4F93-BF3A-F815621F2522}.Release|Any CPU.ActiveCfg = Release|Any CPU
		{6BCCFE23-1EB1-4F93-BF3A-F815621F2522}.Release|Any CPU.Build.0 = Release|Any CPU
	EndGlobalSection
	GlobalSection(SolutionProperties) = preSolution
		HideSolutionNode = FALSE
	EndGlobalSection
	GlobalSection(ExtensibilityGlobals) = postSolution
		SolutionGuid = {5AC76047-54D5-471F-9D60-5402E9F874CC}
	EndGlobalSection
EndGlobal
